// !$*UTF8*$!
{
	archiveVersion = 1;
	classes = {
	};
	objectVersion = 46;
	objects = {

/* Begin PBXBuildFile section */
		24911DD71C01275100E18C65 /* AppDelegate.swift in Sources */ = {isa = PBXBuildFile; fileRef = 24911DD61C01275100E18C65 /* AppDelegate.swift */; };
		24911DD91C01275100E18C65 /* RootViewController.swift in Sources */ = {isa = PBXBuildFile; fileRef = 24911DD81C01275100E18C65 /* RootViewController.swift */; };
		24911DDB1C01275100E18C65 /* DataViewController.swift in Sources */ = {isa = PBXBuildFile; fileRef = 24911DDA1C01275100E18C65 /* DataViewController.swift */; };
		24911DDD1C01275100E18C65 /* ModelController.swift in Sources */ = {isa = PBXBuildFile; fileRef = 24911DDC1C01275100E18C65 /* ModelController.swift */; };
		24911DE01C01275100E18C65 /* Main.storyboard in Resources */ = {isa = PBXBuildFile; fileRef = 24911DDE1C01275100E18C65 /* Main.storyboard */; };
		24911DE21C01275100E18C65 /* Assets.xcassets in Resources */ = {isa = PBXBuildFile; fileRef = 24911DE11C01275100E18C65 /* Assets.xcassets */; };
		24911DE51C01275100E18C65 /* LaunchScreen.storyboard in Resources */ = {isa = PBXBuildFile; fileRef = 24911DE31C01275100E18C65 /* LaunchScreen.storyboard */; };
		24911DF01C01275100E18C65 /* BackyardTests.swift in Sources */ = {isa = PBXBuildFile; fileRef = 24911DEF1C01275100E18C65 /* BackyardTests.swift */; };
/* End PBXBuildFile section */

/* Begin PBXContainerItemProxy section */
		24911DEC1C01275100E18C65 /* PBXContainerItemProxy */ = {
			isa = PBXContainerItemProxy;
			containerPortal = 24911DCB1C01275100E18C65 /* Project object */;
			proxyType = 1;
			remoteGlobalIDString = 24911DD21C01275100E18C65;
			remoteInfo = Backyard;
		};
/* End PBXContainerItemProxy section */

/* Begin PBXFileReference section */
		24911DD31C01275100E18C65 /* Backyard.app */ = {isa = PBXFileReference; explicitFileType = wrapper.application; includeInIndex = 0; path = Backyard.app; sourceTree = BUILT_PRODUCTS_DIR; };
		24911DD61C01275100E18C65 /* AppDelegate.swift */ = {isa = PBXFileReference; lastKnownFileType = sourcecode.swift; path = AppDelegate.swift; sourceTree = "<group>"; };
		24911DD81C01275100E18C65 /* RootViewController.swift */ = {isa = PBXFileReference; lastKnownFileType = sourcecode.swift; path = RootViewController.swift; sourceTree = "<group>"; };
		24911DDA1C01275100E18C65 /* DataViewController.swift */ = {isa = PBXFileReference; lastKnownFileType = sourcecode.swift; path = DataViewController.swift; sourceTree = "<group>"; };
		24911DDC1C01275100E18C65 /* ModelController.swift */ = {isa = PBXFileReference; lastKnownFileType = sourcecode.swift; path = ModelController.swift; sourceTree = "<group>"; };
		24911DDF1C01275100E18C65 /* Base */ = {isa = PBXFileReference; lastKnownFileType = file.storyboard; name = Base; path = Base.lproj/Main.storyboard; sourceTree = "<group>"; };
		24911DE11C01275100E18C65 /* Assets.xcassets */ = {isa = PBXFileReference; lastKnownFileType = folder.assetcatalog; path = Assets.xcassets; sourceTree = "<group>"; };
		24911DE41C01275100E18C65 /* Base */ = {isa = PBXFileReference; lastKnownFileType = file.storyboard; name = Base; path = Base.lproj/LaunchScreen.storyboard; sourceTree = "<group>"; };
		24911DE61C01275100E18C65 /* Info.plist */ = {isa = PBXFileReference; lastKnownFileType = text.plist.xml; path = Info.plist; sourceTree = "<group>"; };
		24911DEB1C01275100E18C65 /* BackyardTests.xctest */ = {isa = PBXFileReference; explicitFileType = wrapper.cfbundle; includeInIndex = 0; path = BackyardTests.xctest; sourceTree = BUILT_PRODUCTS_DIR; };
		24911DEF1C01275100E18C65 /* BackyardTests.swift */ = {isa = PBXFileReference; lastKnownFileType = sourcecode.swift; path = BackyardTests.swift; sourceTree = "<group>"; };
		24911DF11C01275100E18C65 /* Info.plist */ = {isa = PBXFileReference; lastKnownFileType = text.plist.xml; path = Info.plist; sourceTree = "<group>"; };
/* End PBXFileReference section */

/* Begin PBXFrameworksBuildPhase section */
		24911DD01C01275100E18C65 /* Frameworks */ = {
			isa = PBXFrameworksBuildPhase;
			buildActionMask = 2147483647;
			files = (
			);
			runOnlyForDeploymentPostprocessing = 0;
		};
		24911DE81C01275100E18C65 /* Frameworks */ = {
			isa = PBXFrameworksBuildPhase;
			buildActionMask = 2147483647;
			files = (
			);
			runOnlyForDeploymentPostprocessing = 0;
		};
/* End PBXFrameworksBuildPhase section */

/* Begin PBXGroup section */
		24911DCA1C01275100E18C65 = {
			isa = PBXGroup;
			children = (
				24911DD51C01275100E18C65 /* Backyard */,
				24911DEE1C01275100E18C65 /* BackyardTests */,
				24911DD41C01275100E18C65 /* Products */,
			);
			sourceTree = "<group>";
		};
		24911DD41C01275100E18C65 /* Products */ = {
			isa = PBXGroup;
			children = (
				24911DD31C01275100E18C65 /* Backyard.app */,
				24911DEB1C01275100E18C65 /* BackyardTests.xctest */,
			);
			name = Products;
			sourceTree = "<group>";
		};
		24911DD51C01275100E18C65 /* Backyard */ = {
			isa = PBXGroup;
			children = (
				24911DD61C01275100E18C65 /* AppDelegate.swift */,
				24911DD81C01275100E18C65 /* RootViewController.swift */,
				24911DDA1C01275100E18C65 /* DataViewController.swift */,
				24911DDC1C01275100E18C65 /* ModelController.swift */,
				24911DDE1C01275100E18C65 /* Main.storyboard */,
				24911DE11C01275100E18C65 /* Assets.xcassets */,
				24911DE31C01275100E18C65 /* LaunchScreen.storyboard */,
				24911DE61C01275100E18C65 /* Info.plist */,
			);
			path = Backyard;
			sourceTree = "<group>";
		};
		24911DEE1C01275100E18C65 /* BackyardTests */ = {
			isa = PBXGroup;
			children = (
				24911DEF1C01275100E18C65 /* BackyardTests.swift */,
				24911DF11C01275100E18C65 /* Info.plist */,
			);
			path = BackyardTests;
			sourceTree = "<group>";
		};
/* End PBXGroup section */

/* Begin PBXNativeTarget section */
		24911DD21C01275100E18C65 /* Backyard */ = {
			isa = PBXNativeTarget;
			buildConfigurationList = 24911DF41C01275100E18C65 /* Build configuration list for PBXNativeTarget "Backyard" */;
			buildPhases = (
				24911DCF1C01275100E18C65 /* Sources */,
				24911DD01C01275100E18C65 /* Frameworks */,
				24911DD11C01275100E18C65 /* Resources */,
			);
			buildRules = (
			);
			dependencies = (
			);
			name = Backyard;
			productName = Backyard;
			productReference = 24911DD31C01275100E18C65 /* Backyard.app */;
			productType = "com.apple.product-type.application";
		};
		24911DEA1C01275100E18C65 /* BackyardTests */ = {
			isa = PBXNativeTarget;
			buildConfigurationList = 24911DF71C01275100E18C65 /* Build configuration list for PBXNativeTarget "BackyardTests" */;
			buildPhases = (
				24911DE71C01275100E18C65 /* Sources */,
				24911DE81C01275100E18C65 /* Frameworks */,
				24911DE91C01275100E18C65 /* Resources */,
			);
			buildRules = (
			);
			dependencies = (
				24911DED1C01275100E18C65 /* PBXTargetDependency */,
			);
			name = BackyardTests;
			productName = BackyardTests;
			productReference = 24911DEB1C01275100E18C65 /* BackyardTests.xctest */;
			productType = "com.apple.product-type.bundle.unit-test";
		};
/* End PBXNativeTarget section */

/* Begin PBXProject section */
		24911DCB1C01275100E18C65 /* Project object */ = {
			isa = PBXProject;
			attributes = {
				LastSwiftUpdateCheck = 0710;
				LastUpgradeCheck = 0710;
				ORGANIZATIONNAME = AMNH;
				TargetAttributes = {
					24911DD21C01275100E18C65 = {
						CreatedOnToolsVersion = 7.1.1;
					};
					24911DEA1C01275100E18C65 = {
						CreatedOnToolsVersion = 7.1.1;
						TestTargetID = 24911DD21C01275100E18C65;
					};
				};
			};
			buildConfigurationList = 24911DCE1C01275100E18C65 /* Build configuration list for PBXProject "Backyard" */;
			compatibilityVersion = "Xcode 3.2";
			developmentRegion = English;
			hasScannedForEncodings = 0;
			knownRegions = (
				en,
				Base,
			);
			mainGroup = 24911DCA1C01275100E18C65;
			productRefGroup = 24911DD41C01275100E18C65 /* Products */;
			projectDirPath = "";
			projectRoot = "";
			targets = (
				24911DD21C01275100E18C65 /* Backyard */,
				24911DEA1C01275100E18C65 /* BackyardTests */,
			);
		};
/* End PBXProject section */

/* Begin PBXResourcesBuildPhase section */
		24911DD11C01275100E18C65 /* Resources */ = {
			isa = PBXResourcesBuildPhase;
			buildActionMask = 2147483647;
			files = (
				24911DE51C01275100E18C65 /* LaunchScreen.storyboard in Resources */,
				24911DE21C01275100E18C65 /* Assets.xcassets in Resources */,
				24911DE01C01275100E18C65 /* Main.storyboard in Resources */,
			);
			runOnlyForDeploymentPostprocessing = 0;
		};
		24911DE91C01275100E18C65 /* Resources */ = {
			isa = PBXResourcesBuildPhase;
			buildActionMask = 2147483647;
			files = (
			);
			runOnlyForDeploymentPostprocessing = 0;
		};
/* End PBXResourcesBuildPhase section */

/* Begin PBXSourcesBuildPhase section */
		24911DCF1C01275100E18C65 /* Sources */ = {
			isa = PBXSourcesBuildPhase;
			buildActionMask = 2147483647;
			files = (
				24911DD91C01275100E18C65 /* RootViewController.swift in Sources */,
				24911DDD1C01275100E18C65 /* ModelController.swift in Sources */,
				24911DDB1C01275100E18C65 /* DataViewController.swift in Sources */,
				24911DD71C01275100E18C65 /* AppDelegate.swift in Sources */,
			);
			runOnlyForDeploymentPostprocessing = 0;
		};
		24911DE71C01275100E18C65 /* Sources */ = {
			isa = PBXSourcesBuildPhase;
			buildActionMask = 2147483647;
			files = (
				24911DF01C01275100E18C65 /* BackyardTests.swift in Sources */,
			);
			runOnlyForDeploymentPostprocessing = 0;
		};
/* End PBXSourcesBuildPhase section */

/* Begin PBXTargetDependency section */
		24911DED1C01275100E18C65 /* PBXTargetDependency */ = {
			isa = PBXTargetDependency;
			target = 24911DD21C01275100E18C65 /* Backyard */;
			targetProxy = 24911DEC1C01275100E18C65 /* PBXContainerItemProxy */;
		};
/* End PBXTargetDependency section */

/* Begin PBXVariantGroup section */
		24911DDE1C01275100E18C65 /* Main.storyboard */ = {
			isa = PBXVariantGroup;
			children = (
				24911DDF1C01275100E18C65 /* Base */,
			);
			name = Main.storyboard;
			sourceTree = "<group>";
		};
		24911DE31C01275100E18C65 /* LaunchScreen.storyboard */ = {
			isa = PBXVariantGroup;
			children = (
				24911DE41C01275100E18C65 /* Base */,
			);
			name = LaunchScreen.storyboard;
			sourceTree = "<group>";
		};
/* End PBXVariantGroup section */

/* Begin XCBuildConfiguration section */
		24911DF21C01275100E18C65 /* Debug */ = {
			isa = XCBuildConfiguration;
			buildSettings = {
				ALWAYS_SEARCH_USER_PATHS = NO;
				CLANG_CXX_LANGUAGE_STANDARD = "gnu++0x";
				CLANG_CXX_LIBRARY = "libc++";
				CLANG_ENABLE_MODULES = YES;
				CLANG_ENABLE_OBJC_ARC = YES;
				CLANG_WARN_BOOL_CONVERSION = YES;
				CLANG_WARN_CONSTANT_CONVERSION = YES;
				CLANG_WARN_DIRECT_OBJC_ISA_USAGE = YES_ERROR;
				CLANG_WARN_EMPTY_BODY = YES;
				CLANG_WARN_ENUM_CONVERSION = YES;
				CLANG_WARN_INT_CONVERSION = YES;
				CLANG_WARN_OBJC_ROOT_CLASS = YES_ERROR;
				CLANG_WARN_UNREACHABLE_CODE = YES;
				CLANG_WARN__DUPLICATE_METHOD_MATCH = YES;
				"CODE_SIGN_IDENTITY[sdk=iphoneos*]" = "iPhone Developer";
				COPY_PHASE_STRIP = NO;
				DEBUG_INFORMATION_FORMAT = dwarf;
				ENABLE_STRICT_OBJC_MSGSEND = YES;
				ENABLE_TESTABILITY = YES;
				GCC_C_LANGUAGE_STANDARD = gnu99;
				GCC_DYNAMIC_NO_PIC = NO;
				GCC_NO_COMMON_BLOCKS = YES;
				GCC_OPTIMIZATION_LEVEL = 0;
				GCC_PREPROCESSOR_DEFINITIONS = (
					"DEBUG=1",
					"$(inherited)",
				);
				GCC_WARN_64_TO_32_BIT_CONVERSION = YES;
				GCC_WARN_ABOUT_RETURN_TYPE = YES_ERROR;
				GCC_WARN_UNDECLARED_SELECTOR = YES;
				GCC_WARN_UNINITIALIZED_AUTOS = YES_AGGRESSIVE;
				GCC_WARN_UNUSED_FUNCTION = YES;
				GCC_WARN_UNUSED_VARIABLE = YES;
				IPHONEOS_DEPLOYMENT_TARGET = 9.1;
				MTL_ENABLE_DEBUG_INFO = YES;
				ONLY_ACTIVE_ARCH = YES;
				SDKROOT = iphoneos;
				SWIFT_OPTIMIZATION_LEVEL = "-Onone";
			};
			name = Debug;
		};
		24911DF31C01275100E18C65 /* Release */ = {
			isa = XCBuildConfiguration;
			buildSettings = {
				ALWAYS_SEARCH_USER_PATHS = NO;
				CLANG_CXX_LANGUAGE_STANDARD = "gnu++0x";
				CLANG_CXX_LIBRARY = "libc++";
				CLANG_ENABLE_MODULES = YES;
				CLANG_ENABLE_OBJC_ARC = YES;
				CLANG_WARN_BOOL_CONVERSION = YES;
				CLANG_WARN_CONSTANT_CONVERSION = YES;
				CLANG_WARN_DIRECT_OBJC_ISA_USAGE = YES_ERROR;
				CLANG_WARN_EMPTY_BODY = YES;
				CLANG_WARN_ENUM_CONVERSION = YES;
				CLANG_WARN_INT_CONVERSION = YES;
				CLANG_WARN_OBJC_ROOT_CLASS = YES_ERROR;
				CLANG_WARN_UNREACHABLE_CODE = YES;
				CLANG_WARN__DUPLICATE_METHOD_MATCH = YES;
				"CODE_SIGN_IDENTITY[sdk=iphoneos*]" = "iPhone Developer";
				COPY_PHASE_STRIP = NO;
				DEBUG_INFORMATION_FORMAT = "dwarf-with-dsym";
				ENABLE_NS_ASSERTIONS = NO;
				ENABLE_STRICT_OBJC_MSGSEND = YES;
				GCC_C_LANGUAGE_STANDARD = gnu99;
				GCC_NO_COMMON_BLOCKS = YES;
				GCC_WARN_64_TO_32_BIT_CONVERSION = YES;
				GCC_WARN_ABOUT_RETURN_TYPE = YES_ERROR;
				GCC_WARN_UNDECLARED_SELECTOR = YES;
				GCC_WARN_UNINITIALIZED_AUTOS = YES_AGGRESSIVE;
				GCC_WARN_UNUSED_FUNCTION = YES;
				GCC_WARN_UNUSED_VARIABLE = YES;
				IPHONEOS_DEPLOYMENT_TARGET = 9.1;
				MTL_ENABLE_DEBUG_INFO = NO;
				SDKROOT = iphoneos;
				VALIDATE_PRODUCT = YES;
			};
			name = Release;
		};
		24911DF51C01275100E18C65 /* Debug */ = {
			isa = XCBuildConfiguration;
			buildSettings = {
				ASSETCATALOG_COMPILER_APPICON_NAME = AppIcon;
				INFOPLIST_FILE = Backyard/Info.plist;
				LD_RUNPATH_SEARCH_PATHS = "$(inherited) @executable_path/Frameworks";
				PRODUCT_BUNDLE_IDENTIFIER = net.robertcarlsen.Backyard;
				PRODUCT_NAME = "$(TARGET_NAME)";
			};
			name = Debug;
		};
		24911DF61C01275100E18C65 /* Release */ = {
			isa = XCBuildConfiguration;
			buildSettings = {
				ASSETCATALOG_COMPILER_APPICON_NAME = AppIcon;
				INFOPLIST_FILE = Backyard/Info.plist;
				LD_RUNPATH_SEARCH_PATHS = "$(inherited) @executable_path/Frameworks";
				PRODUCT_BUNDLE_IDENTIFIER = net.robertcarlsen.Backyard;
				PRODUCT_NAME = "$(TARGET_NAME)";
			};
			name = Release;
		};
		24911DF81C01275100E18C65 /* Debug */ = {
			isa = XCBuildConfiguration;
			buildSettings = {
				BUNDLE_LOADER = "$(TEST_HOST)";
				INFOPLIST_FILE = BackyardTests/Info.plist;
				LD_RUNPATH_SEARCH_PATHS = "$(inherited) @executable_path/Frameworks @loader_path/Frameworks";
				PRODUCT_BUNDLE_IDENTIFIER = net.robertcarlsen.BackyardTests;
				PRODUCT_NAME = "$(TARGET_NAME)";
				TEST_HOST = "$(BUILT_PRODUCTS_DIR)/Backyard.app/Backyard";
			};
			name = Debug;
		};
		24911DF91C01275100E18C65 /* Release */ = {
			isa = XCBuildConfiguration;
			buildSettings = {
				BUNDLE_LOADER = "$(TEST_HOST)";
				INFOPLIST_FILE = BackyardTests/Info.plist;
				LD_RUNPATH_SEARCH_PATHS = "$(inherited) @executable_path/Frameworks @loader_path/Frameworks";
				PRODUCT_BUNDLE_IDENTIFIER = net.robertcarlsen.BackyardTests;
				PRODUCT_NAME = "$(TARGET_NAME)";
				TEST_HOST = "$(BUILT_PRODUCTS_DIR)/Backyard.app/Backyard";
			};
			name = Release;
		};
/* End XCBuildConfiguration section */

/* Begin XCConfigurationList section */
		24911DCE1C01275100E18C65 /* Build configuration list for PBXProject "Backyard" */ = {
			isa = XCConfigurationList;
			buildConfigurations = (
				24911DF21C01275100E18C65 /* Debug */,
				24911DF31C01275100E18C65 /* Release */,
			);
			defaultConfigurationIsVisible = 0;
			defaultConfigurationName = Release;
		};
		24911DF41C01275100E18C65 /* Build configuration list for PBXNativeTarget "Backyard" */ = {
			isa = XCConfigurationList;
			buildConfigurations = (
				24911DF51C01275100E18C65 /* Debug */,
				24911DF61C01275100E18C65 /* Release */,
			);
			defaultConfigurationIsVisible = 0;
		};
		24911DF71C01275100E18C65 /* Build configuration list for PBXNativeTarget "BackyardTests" */ = {
			isa = XCConfigurationList;
			buildConfigurations = (
				24911DF81C01275100E18C65 /* Debug */,
				24911DF91C01275100E18C65 /* Release */,
			);
			defaultConfigurationIsVisible = 0;
		};
/* End XCConfigurationList section */
	};
	rootObject = 24911DCB1C01275100E18C65 /* Project object */;
}
